
Microsoft Visual Studio Solution File, Format Version 12.00
# Visual Studio Version 16
VisualStudioVersion = 16.0.31624.102
MinimumVisualStudioVersion = 10.0.40219.1
Project("{FAE04EC0-301F-11D3-BF4B-00C04F79EFBC}") = "VasutRendszer", "VasutRendszer\VasutRendszer.csproj", "{13A9A668-B521-4CDE-868C-13767E9D79FF}"
EndProject
Global
	GlobalSection(SolutionConfigurationPlatforms) = preSolution
		Debug|Any CPU = Debug|Any CPU
		Release|Any CPU = Release|Any CPU
	EndGlobalSection
	GlobalSection(ProjectConfigurationPlatforms) = postSolution
		{13A9A668-B521-4CDE-868C-13767E9D79FF}.Debug|Any CPU.ActiveCfg = Debug|Any CPU
		{13A9A668-B521-4CDE-868C-13767E9D79FF}.Debug|Any CPU.Build.0 = Debug|Any CPU
		{13A9A668-B521-4CDE-868C-13767E9D79FF}.Release|Any CPU.ActiveCfg = Release|Any CPU
		{13A9A668-B521-4CDE-868C-13767E9D79FF}.Release|Any CPU.Build.0 = Release|Any CPU
	EndGlobalSection
	GlobalSection(SolutionProperties) = preSolution
		HideSolutionNode = FALSE
	EndGlobalSection
	GlobalSection(ExtensibilityGlobals) = postSolution
		SolutionGuid = {4511679D-4B4B-4761-93B7-7D7189D91FAD}
	EndGlobalSection
EndGlobal
